
Microsoft Visual Studio Solution File, Format Version 12.00
# Visual Studio Version 16
VisualStudioVersion = 16.0.31129.286
MinimumVisualStudioVersion = 10.0.40219.1
Project("{FAE04EC0-301F-11D3-BF4B-00C04F79EFBC}") = "SettingsDemo", "SettingsDemo\SettingsDemo.csproj", "{4705FEF1-B293-4C83-A845-D56E8970B56E}"
EndProject
Project("{FAE04EC0-301F-11D3-BF4B-00C04F79EFBC}") = "JsonSamples", "JsonSamples\JsonSamples.csproj", "{B961BF4A-9C03-4D17-AB85-70E40176E257}"
EndProject
Project("{FAE04EC0-301F-11D3-BF4B-00C04F79EFBC}") = "AttributesDemo", "AttributesDemo\AttributesDemo.csproj", "{DD630D12-6141-46C1-B705-49E67DA8773F}"
EndProject
Global
	GlobalSection(SolutionConfigurationPlatforms) = preSolution
		Debug|Any CPU = Debug|Any CPU
		Release|Any CPU = Release|Any CPU
	EndGlobalSection
	GlobalSection(ProjectConfigurationPlatforms) = postSolution
		{4705FEF1-B293-4C83-A845-D56E8970B56E}.Debug|Any CPU.ActiveCfg = Debug|Any CPU
		{4705FEF1-B293-4C83-A845-D56E8970B56E}.Debug|Any CPU.Build.0 = Debug|Any CPU
		{4705FEF1-B293-4C83-A845-D56E8970B56E}.Release|Any CPU.ActiveCfg = Release|Any CPU
		{4705FEF1-B293-4C83-A845-D56E8970B56E}.Release|Any CPU.Build.0 = Release|Any CPU
		{B961BF4A-9C03-4D17-AB85-70E40176E257}.Debug|Any CPU.ActiveCfg = Debug|Any CPU
		{B961BF4A-9C03-4D17-AB85-70E40176E257}.Debug|Any CPU.Build.0 = Debug|Any CPU
		{B961BF4A-9C03-4D17-AB85-70E40176E257}.Release|Any CPU.ActiveCfg = Release|Any CPU
		{B961BF4A-9C03-4D17-AB85-70E40176E257}.Release|Any CPU.Build.0 = Release|Any CPU
		{DD630D12-6141-46C1-B705-49E67DA8773F}.Debug|Any CPU.ActiveCfg = Debug|Any CPU
		{DD630D12-6141-46C1-B705-49E67DA8773F}.Debug|Any CPU.Build.0 = Debug|Any CPU
		{DD630D12-6141-46C1-B705-49E67DA8773F}.Release|Any CPU.ActiveCfg = Release|Any CPU
		{DD630D12-6141-46C1-B705-49E67DA8773F}.Release|Any CPU.Build.0 = Release|Any CPU
	EndGlobalSection
	GlobalSection(SolutionProperties) = preSolution
		HideSolutionNode = FALSE
	EndGlobalSection
	GlobalSection(ExtensibilityGlobals) = postSolution
		SolutionGuid = {B513374E-F697-4751-9942-9FC1A41B994F}
	EndGlobalSection
EndGlobal
